
Microsoft Visual Studio Solution File, Format Version 12.00
# Visual Studio Version 16
VisualStudioVersion = 16.0.32413.511
MinimumVisualStudioVersion = 10.0.40219.1
Project("{FAE04EC0-301F-11D3-BF4B-00C04F79EFBC}") = "GameDemo", "GameDemo\GameDemo.csproj", "{ABBEE2E6-6691-4A9C-A55C-E2A3F6972A5C}"
EndProject
Global
	GlobalSection(SolutionConfigurationPlatforms) = preSolution
		Debug|Any CPU = Debug|Any CPU
		Release|Any CPU = Release|Any CPU
	EndGlobalSection
	GlobalSection(ProjectConfigurationPlatforms) = postSolution
		{ABBEE2E6-6691-4A9C-A55C-E2A3F6972A5C}.Debug|Any CPU.ActiveCfg = Debug|Any CPU
		{ABBEE2E6-6691-4A9C-A55C-E2A3F6972A5C}.Debug|Any CPU.Build.0 = Debug|Any CPU
		{ABBEE2E6-6691-4A9C-A55C-E2A3F6972A5C}.Release|Any CPU.ActiveCfg = Release|Any CPU
		{ABBEE2E6-6691-4A9C-A55C-E2A3F6972A5C}.Release|Any CPU.Build.0 = Release|Any CPU
	EndGlobalSection
	GlobalSection(SolutionProperties) = preSolution
		HideSolutionNode = FALSE
	EndGlobalSection
	GlobalSection(ExtensibilityGlobals) = postSolution
		SolutionGuid = {1D663D31-97CC-42BD-890B-1CA808EE7860}
	EndGlobalSection
EndGlobal
